
Microsoft Visual Studio Solution File, Format Version 12.00
# Visual Studio Version 17
VisualStudioVersion = 17.14.36518.9 d17.14
MinimumVisualStudioVersion = 10.0.40219.1
Project("{C9674DCB-5085-4A16-B785-4C70DD1589BD}") = "Integration Services Project3", "Integration Services Project3.dtproj", "{4E4A30A6-A33B-007F-312A-79D4338A8885}"
EndProject
Global
	GlobalSection(SolutionConfigurationPlatforms) = preSolution
		Development|Default = Development|Default
	EndGlobalSection
	GlobalSection(ProjectConfigurationPlatforms) = postSolution
		{4E4A30A6-A33B-007F-312A-79D4338A8885}.Development|Default.ActiveCfg = Development
		{4E4A30A6-A33B-007F-312A-79D4338A8885}.Development|Default.Build.0 = Development
	EndGlobalSection
	GlobalSection(SolutionProperties) = preSolution
		HideSolutionNode = FALSE
	EndGlobalSection
	GlobalSection(ExtensibilityGlobals) = postSolution
		SolutionGuid = {CBC428EE-54FE-4C3E-9B1F-FB69D9A6B153}
	EndGlobalSection
EndGlobal
